// !$*UTF8*$!
{
	archiveVersion = 1;
	classes = {
	};
	objectVersion = 56;
	objects = {

/* Begin PBXBuildFile section */
		228B9C4329FD3A8B007BBE36 /* AppDelegate.swift in Sources */ = {isa = PBXBuildFile; fileRef = 228B9C4229FD3A8B007BBE36 /* AppDelegate.swift */; };
		228B9C4529FD3A8B007BBE36 /* SceneDelegate.swift in Sources */ = {isa = PBXBuildFile; fileRef = 228B9C4429FD3A8B007BBE36 /* SceneDelegate.swift */; };
		228B9C4A29FD3A8B007BBE36 /* Main.storyboard in Resources */ = {isa = PBXBuildFile; fileRef = 228B9C4829FD3A8B007BBE36 /* Main.storyboard */; };
		228B9C4C29FD3A8F007BBE36 /* Assets.xcassets in Resources */ = {isa = PBXBuildFile; fileRef = 228B9C4B29FD3A8F007BBE36 /* Assets.xcassets */; };
		228B9C4F29FD3A8F007BBE36 /* LaunchScreen.storyboard in Resources */ = {isa = PBXBuildFile; fileRef = 228B9C4D29FD3A8F007BBE36 /* LaunchScreen.storyboard */; };
		228B9C5A29FD3A8F007BBE36 /* ArticlesTestTests.swift in Sources */ = {isa = PBXBuildFile; fileRef = 228B9C5929FD3A8F007BBE36 /* ArticlesTestTests.swift */; };
		228B9C6429FD3A8F007BBE36 /* ArticlesTestUITests.swift in Sources */ = {isa = PBXBuildFile; fileRef = 228B9C6329FD3A8F007BBE36 /* ArticlesTestUITests.swift */; };
		228B9C6629FD3A8F007BBE36 /* ArticlesTestUITestsLaunchTests.swift in Sources */ = {isa = PBXBuildFile; fileRef = 228B9C6529FD3A8F007BBE36 /* ArticlesTestUITestsLaunchTests.swift */; };
		228B9C7329FD4C2A007BBE36 /* AppColors.xcassets in Resources */ = {isa = PBXBuildFile; fileRef = 228B9C7229FD4C2A007BBE36 /* AppColors.xcassets */; };
		228B9C7C29FD54FC007BBE36 /* Localizable.strings in Resources */ = {isa = PBXBuildFile; fileRef = 228B9C7E29FD54FC007BBE36 /* Localizable.strings */; };
		228B9C8829FD5A10007BBE36 /* Localization.swift in Sources */ = {isa = PBXBuildFile; fileRef = 228B9C8729FD5A10007BBE36 /* Localization.swift */; };
		22B69CF029FDDF500072EE25 /* AppCoordinator.swift in Sources */ = {isa = PBXBuildFile; fileRef = 22B69CDD29FDDF500072EE25 /* AppCoordinator.swift */; };
		22B69CF129FDDF500072EE25 /* ArticleListCoordinator.swift in Sources */ = {isa = PBXBuildFile; fileRef = 22B69CE429FDDF500072EE25 /* ArticleListCoordinator.swift */; };
		22B69CF229FDDF500072EE25 /* ArticleListViewController.swift in Sources */ = {isa = PBXBuildFile; fileRef = 22B69CE529FDDF500072EE25 /* ArticleListViewController.swift */; };
		22B69CF329FDDF500072EE25 /* ArticleTableViewCell.swift in Sources */ = {isa = PBXBuildFile; fileRef = 22B69CE629FDDF500072EE25 /* ArticleTableViewCell.swift */; };
		22B69CF429FDDF500072EE25 /* ArticleTableViewCell.xib in Resources */ = {isa = PBXBuildFile; fileRef = 22B69CE729FDDF500072EE25 /* ArticleTableViewCell.xib */; };
		22B69CF529FDDF500072EE25 /* ArticleListViewModel.swift in Sources */ = {isa = PBXBuildFile; fileRef = 22B69CE829FDDF500072EE25 /* ArticleListViewModel.swift */; };
		22B69CF629FDDF500072EE25 /* ViewModelProtocol.swift in Sources */ = {isa = PBXBuildFile; fileRef = 22B69CEB29FDDF500072EE25 /* ViewModelProtocol.swift */; };
		22B69CF729FDDF500072EE25 /* ArticleDetailViewModel.swift in Sources */ = {isa = PBXBuildFile; fileRef = 22B69CED29FDDF500072EE25 /* ArticleDetailViewModel.swift */; };
		22B69CF829FDDF500072EE25 /* ArticleDetailViewController.swift in Sources */ = {isa = PBXBuildFile; fileRef = 22B69CEE29FDDF500072EE25 /* ArticleDetailViewController.swift */; };
		22B69CF929FDDF500072EE25 /* ArticleDetailCoordinator.swift in Sources */ = {isa = PBXBuildFile; fileRef = 22B69CEF29FDDF500072EE25 /* ArticleDetailCoordinator.swift */; };
		22B69CFB29FDE2DC0072EE25 /* ArticleViewData.swift in Sources */ = {isa = PBXBuildFile; fileRef = 22B69CFA29FDE2DC0072EE25 /* ArticleViewData.swift */; };
		22B69CFD29FDE3260072EE25 /* ArticleResponseModel.swift in Sources */ = {isa = PBXBuildFile; fileRef = 22B69CFC29FDE3260072EE25 /* ArticleResponseModel.swift */; };
		22B69CFF29FE34730072EE25 /* APIClient.swift in Sources */ = {isa = PBXBuildFile; fileRef = 22B69CFE29FE34730072EE25 /* APIClient.swift */; };
		22B69D0229FF8E990072EE25 /* Constant.swift in Sources */ = {isa = PBXBuildFile; fileRef = 22B69D0129FF8E990072EE25 /* Constant.swift */; };
		22B69D0429FFA7270072EE25 /* AppError.swift in Sources */ = {isa = PBXBuildFile; fileRef = 22B69D0329FFA7270072EE25 /* AppError.swift */; };
		6A4CC230B3C8770B6CBCFC95 /* Pods_ArticlesTest_ArticlesTestUITests.framework in Frameworks */ = {isa = PBXBuildFile; fileRef = 4139D88E673854A4E8890617 /* Pods_ArticlesTest_ArticlesTestUITests.framework */; };
		DDBFBC61CAA14A73CA57406B /* Pods_ArticlesTestTests.framework in Frameworks */ = {isa = PBXBuildFile; fileRef = 1B55F4F7E4D6FA6AF3E7B99B /* Pods_ArticlesTestTests.framework */; };
		E8FF73BD677F1C1D744C60BC /* Pods_ArticlesTest.framework in Frameworks */ = {isa = PBXBuildFile; fileRef = F7C9CF03292F283F7AD96C52 /* Pods_ArticlesTest.framework */; };
/* End PBXBuildFile section */

/* Begin PBXContainerItemProxy section */
		228B9C5629FD3A8F007BBE36 /* PBXContainerItemProxy */ = {
			isa = PBXContainerItemProxy;
			containerPortal = 228B9C3729FD3A8B007BBE36 /* Project object */;
			proxyType = 1;
			remoteGlobalIDString = 228B9C3E29FD3A8B007BBE36;
			remoteInfo = ArticlesTest;
		};
		228B9C6029FD3A8F007BBE36 /* PBXContainerItemProxy */ = {
			isa = PBXContainerItemProxy;
			containerPortal = 228B9C3729FD3A8B007BBE36 /* Project object */;
			proxyType = 1;
			remoteGlobalIDString = 228B9C3E29FD3A8B007BBE36;
			remoteInfo = ArticlesTest;
		};
/* End PBXContainerItemProxy section */

/* Begin PBXFileReference section */
		156C58D8EAE66CE85C7C88CB /* Pods-ArticlesTest-ArticlesTestUITests.release.xcconfig */ = {isa = PBXFileReference; includeInIndex = 1; lastKnownFileType = text.xcconfig; name = "Pods-ArticlesTest-ArticlesTestUITests.release.xcconfig"; path = "Target Support Files/Pods-ArticlesTest-ArticlesTestUITests/Pods-ArticlesTest-ArticlesTestUITests.release.xcconfig"; sourceTree = "<group>"; };
		1B55F4F7E4D6FA6AF3E7B99B /* Pods_ArticlesTestTests.framework */ = {isa = PBXFileReference; explicitFileType = wrapper.framework; includeInIndex = 0; path = Pods_ArticlesTestTests.framework; sourceTree = BUILT_PRODUCTS_DIR; };
		228B9C3F29FD3A8B007BBE36 /* ArticlesTest.app */ = {isa = PBXFileReference; explicitFileType = wrapper.application; includeInIndex = 0; path = ArticlesTest.app; sourceTree = BUILT_PRODUCTS_DIR; };
		228B9C4229FD3A8B007BBE36 /* AppDelegate.swift */ = {isa = PBXFileReference; lastKnownFileType = sourcecode.swift; path = AppDelegate.swift; sourceTree = "<group>"; };
		228B9C4429FD3A8B007BBE36 /* SceneDelegate.swift */ = {isa = PBXFileReference; lastKnownFileType = sourcecode.swift; path = SceneDelegate.swift; sourceTree = "<group>"; };
		228B9C4929FD3A8B007BBE36 /* Base */ = {isa = PBXFileReference; lastKnownFileType = file.storyboard; name = Base; path = Base.lproj/Main.storyboard; sourceTree = "<group>"; };
		228B9C4B29FD3A8F007BBE36 /* Assets.xcassets */ = {isa = PBXFileReference; lastKnownFileType = folder.assetcatalog; path = Assets.xcassets; sourceTree = "<group>"; };
		228B9C4E29FD3A8F007BBE36 /* Base */ = {isa = PBXFileReference; lastKnownFileType = file.storyboard; name = Base; path = Base.lproj/LaunchScreen.storyboard; sourceTree = "<group>"; };
		228B9C5029FD3A8F007BBE36 /* Info.plist */ = {isa = PBXFileReference; lastKnownFileType = text.plist.xml; path = Info.plist; sourceTree = "<group>"; };
		228B9C5529FD3A8F007BBE36 /* ArticlesTestTests.xctest */ = {isa = PBXFileReference; explicitFileType = wrapper.cfbundle; includeInIndex = 0; path = ArticlesTestTests.xctest; sourceTree = BUILT_PRODUCTS_DIR; };
		228B9C5929FD3A8F007BBE36 /* ArticlesTestTests.swift */ = {isa = PBXFileReference; lastKnownFileType = sourcecode.swift; path = ArticlesTestTests.swift; sourceTree = "<group>"; };
		228B9C5F29FD3A8F007BBE36 /* ArticlesTestUITests.xctest */ = {isa = PBXFileReference; explicitFileType = wrapper.cfbundle; includeInIndex = 0; path = ArticlesTestUITests.xctest; sourceTree = BUILT_PRODUCTS_DIR; };
		228B9C6329FD3A8F007BBE36 /* ArticlesTestUITests.swift */ = {isa = PBXFileReference; lastKnownFileType = sourcecode.swift; path = ArticlesTestUITests.swift; sourceTree = "<group>"; };
		228B9C6529FD3A8F007BBE36 /* ArticlesTestUITestsLaunchTests.swift */ = {isa = PBXFileReference; lastKnownFileType = sourcecode.swift; path = ArticlesTestUITestsLaunchTests.swift; sourceTree = "<group>"; };
		228B9C7229FD4C2A007BBE36 /* AppColors.xcassets */ = {isa = PBXFileReference; lastKnownFileType = folder.assetcatalog; path = AppColors.xcassets; sourceTree = "<group>"; };
		228B9C7D29FD54FC007BBE36 /* en */ = {isa = PBXFileReference; lastKnownFileType = text.plist.strings; name = en; path = en.lproj/Localizable.strings; sourceTree = "<group>"; };
		228B9C7F29FD5525007BBE36 /* hi */ = {isa = PBXFileReference; lastKnownFileType = text.plist.strings; name = hi; path = hi.lproj/Localizable.strings; sourceTree = "<group>"; };
		228B9C8729FD5A10007BBE36 /* Localization.swift */ = {isa = PBXFileReference; lastKnownFileType = sourcecode.swift; path = Localization.swift; sourceTree = "<group>"; };
		22B69CDD29FDDF500072EE25 /* AppCoordinator.swift */ = {isa = PBXFileReference; fileEncoding = 4; lastKnownFileType = sourcecode.swift; path = AppCoordinator.swift; sourceTree = "<group>"; };
		22B69CE429FDDF500072EE25 /* ArticleListCoordinator.swift */ = {isa = PBXFileReference; fileEncoding = 4; lastKnownFileType = sourcecode.swift; path = ArticleListCoordinator.swift; sourceTree = "<group>"; };
		22B69CE529FDDF500072EE25 /* ArticleListViewController.swift */ = {isa = PBXFileReference; fileEncoding = 4; lastKnownFileType = sourcecode.swift; path = ArticleListViewController.swift; sourceTree = "<group>"; };
		22B69CE629FDDF500072EE25 /* ArticleTableViewCell.swift */ = {isa = PBXFileReference; fileEncoding = 4; lastKnownFileType = sourcecode.swift; path = ArticleTableViewCell.swift; sourceTree = "<group>"; };
		22B69CE729FDDF500072EE25 /* ArticleTableViewCell.xib */ = {isa = PBXFileReference; fileEncoding = 4; lastKnownFileType = file.xib; path = ArticleTableViewCell.xib; sourceTree = "<group>"; };
		22B69CE829FDDF500072EE25 /* ArticleListViewModel.swift */ = {isa = PBXFileReference; fileEncoding = 4; lastKnownFileType = sourcecode.swift; path = ArticleListViewModel.swift; sourceTree = "<group>"; };
		22B69CEB29FDDF500072EE25 /* ViewModelProtocol.swift */ = {isa = PBXFileReference; fileEncoding = 4; lastKnownFileType = sourcecode.swift; path = ViewModelProtocol.swift; sourceTree = "<group>"; };
		22B69CED29FDDF500072EE25 /* ArticleDetailViewModel.swift */ = {isa = PBXFileReference; fileEncoding = 4; lastKnownFileType = sourcecode.swift; path = ArticleDetailViewModel.swift; sourceTree = "<group>"; };
		22B69CEE29FDDF500072EE25 /* ArticleDetailViewController.swift */ = {isa = PBXFileReference; fileEncoding = 4; lastKnownFileType = sourcecode.swift; path = ArticleDetailViewController.swift; sourceTree = "<group>"; };
		22B69CEF29FDDF500072EE25 /* ArticleDetailCoordinator.swift */ = {isa = PBXFileReference; fileEncoding = 4; lastKnownFileType = sourcecode.swift; path = ArticleDetailCoordinator.swift; sourceTree = "<group>"; };
		22B69CFA29FDE2DC0072EE25 /* ArticleViewData.swift */ = {isa = PBXFileReference; lastKnownFileType = sourcecode.swift; path = ArticleViewData.swift; sourceTree = "<group>"; };
		22B69CFC29FDE3260072EE25 /* ArticleResponseModel.swift */ = {isa = PBXFileReference; lastKnownFileType = sourcecode.swift; path = ArticleResponseModel.swift; sourceTree = "<group>"; };
		22B69CFE29FE34730072EE25 /* APIClient.swift */ = {isa = PBXFileReference; lastKnownFileType = sourcecode.swift; path = APIClient.swift; sourceTree = "<group>"; };
		22B69D0129FF8E990072EE25 /* Constant.swift */ = {isa = PBXFileReference; lastKnownFileType = sourcecode.swift; path = Constant.swift; sourceTree = "<group>"; };
		22B69D0329FFA7270072EE25 /* AppError.swift */ = {isa = PBXFileReference; lastKnownFileType = sourcecode.swift; path = AppError.swift; sourceTree = "<group>"; };
		2AB4BD39846A386DC4058373 /* Pods-ArticlesTestTests.release.xcconfig */ = {isa = PBXFileReference; includeInIndex = 1; lastKnownFileType = text.xcconfig; name = "Pods-ArticlesTestTests.release.xcconfig"; path = "Target Support Files/Pods-ArticlesTestTests/Pods-ArticlesTestTests.release.xcconfig"; sourceTree = "<group>"; };
		2DC27AEB0DAF9FC372204E20 /* Pods-ArticlesTestTests.debug.xcconfig */ = {isa = PBXFileReference; includeInIndex = 1; lastKnownFileType = text.xcconfig; name = "Pods-ArticlesTestTests.debug.xcconfig"; path = "Target Support Files/Pods-ArticlesTestTests/Pods-ArticlesTestTests.debug.xcconfig"; sourceTree = "<group>"; };
		4139D88E673854A4E8890617 /* Pods_ArticlesTest_ArticlesTestUITests.framework */ = {isa = PBXFileReference; explicitFileType = wrapper.framework; includeInIndex = 0; path = Pods_ArticlesTest_ArticlesTestUITests.framework; sourceTree = BUILT_PRODUCTS_DIR; };
		89CD1010FFBD5E4A53F8876A /* Pods-ArticlesTest-ArticlesTestUITests.debug.xcconfig */ = {isa = PBXFileReference; includeInIndex = 1; lastKnownFileType = text.xcconfig; name = "Pods-ArticlesTest-ArticlesTestUITests.debug.xcconfig"; path = "Target Support Files/Pods-ArticlesTest-ArticlesTestUITests/Pods-ArticlesTest-ArticlesTestUITests.debug.xcconfig"; sourceTree = "<group>"; };
		B14A9D2920424131B315D9D5 /* Pods-ArticlesTest.debug.xcconfig */ = {isa = PBXFileReference; includeInIndex = 1; lastKnownFileType = text.xcconfig; name = "Pods-ArticlesTest.debug.xcconfig"; path = "Target Support Files/Pods-ArticlesTest/Pods-ArticlesTest.debug.xcconfig"; sourceTree = "<group>"; };
		F7C9CF03292F283F7AD96C52 /* Pods_ArticlesTest.framework */ = {isa = PBXFileReference; explicitFileType = wrapper.framework; includeInIndex = 0; path = Pods_ArticlesTest.framework; sourceTree = BUILT_PRODUCTS_DIR; };
		FC0D267C55D600DB27053031 /* Pods-ArticlesTest.release.xcconfig */ = {isa = PBXFileReference; includeInIndex = 1; lastKnownFileType = text.xcconfig; name = "Pods-ArticlesTest.release.xcconfig"; path = "Target Support Files/Pods-ArticlesTest/Pods-ArticlesTest.release.xcconfig"; sourceTree = "<group>"; };
/* End PBXFileReference section */

/* Begin PBXFrameworksBuildPhase section */
		228B9C3C29FD3A8B007BBE36 /* Frameworks */ = {
			isa = PBXFrameworksBuildPhase;
			buildActionMask = 2147483647;
			files = (
				E8FF73BD677F1C1D744C60BC /* Pods_ArticlesTest.framework in Frameworks */,
			);
			runOnlyForDeploymentPostprocessing = 0;
		};
		228B9C5229FD3A8F007BBE36 /* Frameworks */ = {
			isa = PBXFrameworksBuildPhase;
			buildActionMask = 2147483647;
			files = (
				DDBFBC61CAA14A73CA57406B /* Pods_ArticlesTestTests.framework in Frameworks */,
			);
			runOnlyForDeploymentPostprocessing = 0;
		};
		228B9C5C29FD3A8F007BBE36 /* Frameworks */ = {
			isa = PBXFrameworksBuildPhase;
			buildActionMask = 2147483647;
			files = (
				6A4CC230B3C8770B6CBCFC95 /* Pods_ArticlesTest_ArticlesTestUITests.framework in Frameworks */,
			);
			runOnlyForDeploymentPostprocessing = 0;
		};
/* End PBXFrameworksBuildPhase section */

/* Begin PBXGroup section */
		01A10D44864942EDDBBCB444 /* Pods */ = {
			isa = PBXGroup;
			children = (
				B14A9D2920424131B315D9D5 /* Pods-ArticlesTest.debug.xcconfig */,
				FC0D267C55D600DB27053031 /* Pods-ArticlesTest.release.xcconfig */,
				89CD1010FFBD5E4A53F8876A /* Pods-ArticlesTest-ArticlesTestUITests.debug.xcconfig */,
				156C58D8EAE66CE85C7C88CB /* Pods-ArticlesTest-ArticlesTestUITests.release.xcconfig */,
				2DC27AEB0DAF9FC372204E20 /* Pods-ArticlesTestTests.debug.xcconfig */,
				2AB4BD39846A386DC4058373 /* Pods-ArticlesTestTests.release.xcconfig */,
			);
			path = Pods;
			sourceTree = "<group>";
		};
		228B9C3629FD3A8B007BBE36 = {
			isa = PBXGroup;
			children = (
				228B9C4129FD3A8B007BBE36 /* ArticlesTest */,
				228B9C5829FD3A8F007BBE36 /* ArticlesTestTests */,
				228B9C6229FD3A8F007BBE36 /* ArticlesTestUITests */,
				228B9C4029FD3A8B007BBE36 /* Products */,
				01A10D44864942EDDBBCB444 /* Pods */,
				254CD891D91A8F51515C9EC7 /* Frameworks */,
			);
			sourceTree = "<group>";
		};
		228B9C4029FD3A8B007BBE36 /* Products */ = {
			isa = PBXGroup;
			children = (
				228B9C3F29FD3A8B007BBE36 /* ArticlesTest.app */,
				228B9C5529FD3A8F007BBE36 /* ArticlesTestTests.xctest */,
				228B9C5F29FD3A8F007BBE36 /* ArticlesTestUITests.xctest */,
			);
			name = Products;
			sourceTree = "<group>";
		};
		228B9C4129FD3A8B007BBE36 /* ArticlesTest */ = {
			isa = PBXGroup;
			children = (
				22B69CDC29FDDF500072EE25 /* Classes */,
				228B9C7929FD5458007BBE36 /* Localization */,
				228B9C4229FD3A8B007BBE36 /* AppDelegate.swift */,
				228B9C4429FD3A8B007BBE36 /* SceneDelegate.swift */,
				228B9C4829FD3A8B007BBE36 /* Main.storyboard */,
				228B9C4B29FD3A8F007BBE36 /* Assets.xcassets */,
				228B9C4D29FD3A8F007BBE36 /* LaunchScreen.storyboard */,
				228B9C5029FD3A8F007BBE36 /* Info.plist */,
				228B9C7229FD4C2A007BBE36 /* AppColors.xcassets */,
			);
			path = ArticlesTest;
			sourceTree = "<group>";
		};
		228B9C5829FD3A8F007BBE36 /* ArticlesTestTests */ = {
			isa = PBXGroup;
			children = (
				228B9C5929FD3A8F007BBE36 /* ArticlesTestTests.swift */,
			);
			path = ArticlesTestTests;
			sourceTree = "<group>";
		};
		228B9C6229FD3A8F007BBE36 /* ArticlesTestUITests */ = {
			isa = PBXGroup;
			children = (
				228B9C6329FD3A8F007BBE36 /* ArticlesTestUITests.swift */,
				228B9C6529FD3A8F007BBE36 /* ArticlesTestUITestsLaunchTests.swift */,
			);
			path = ArticlesTestUITests;
			sourceTree = "<group>";
		};
		228B9C7929FD5458007BBE36 /* Localization */ = {
			isa = PBXGroup;
			children = (
				228B9C7E29FD54FC007BBE36 /* Localizable.strings */,
				228B9C8729FD5A10007BBE36 /* Localization.swift */,
			);
			path = Localization;
			sourceTree = "<group>";
		};
		22B69CDC29FDDF500072EE25 /* Classes */ = {
			isa = PBXGroup;
			children = (
				22B69CDD29FDDF500072EE25 /* AppCoordinator.swift */,
				22B69CDE29FDDF500072EE25 /* Utils */,
				22B69CDF29FDDF500072EE25 /* BusinessLogic */,
				22B69CE229FDDF500072EE25 /* PresentationLayer */,
			);
			path = Classes;
			sourceTree = "<group>";
		};
		22B69CDE29FDDF500072EE25 /* Utils */ = {
			isa = PBXGroup;
			children = (
				22B69D0129FF8E990072EE25 /* Constant.swift */,
				22B69D0329FFA7270072EE25 /* AppError.swift */,
			);
			path = Utils;
			sourceTree = "<group>";
		};
		22B69CDF29FDDF500072EE25 /* BusinessLogic */ = {
			isa = PBXGroup;
			children = (
				22B69CE029FDDF500072EE25 /* Network */,
				22B69CE129FDDF500072EE25 /* Model */,
			);
			path = BusinessLogic;
			sourceTree = "<group>";
		};
		22B69CE029FDDF500072EE25 /* Network */ = {
			isa = PBXGroup;
			children = (
				22B69CFE29FE34730072EE25 /* APIClient.swift */,
			);
			path = Network;
			sourceTree = "<group>";
		};
		22B69CE129FDDF500072EE25 /* Model */ = {
			isa = PBXGroup;
			children = (
				22B69CFC29FDE3260072EE25 /* ArticleResponseModel.swift */,
			);
			path = Model;
			sourceTree = "<group>";
		};
		22B69CE229FDDF500072EE25 /* PresentationLayer */ = {
			isa = PBXGroup;
			children = (
				22B69CE329FDDF500072EE25 /* ArticleList */,
				22B69CE929FDDF500072EE25 /* Models */,
				22B69CEA29FDDF500072EE25 /* Protocols */,
				22B69CEC29FDDF500072EE25 /* ArticleDetails */,
			);
			path = PresentationLayer;
			sourceTree = "<group>";
		};
		22B69CE329FDDF500072EE25 /* ArticleList */ = {
			isa = PBXGroup;
			children = (
				22B69CE429FDDF500072EE25 /* ArticleListCoordinator.swift */,
				22B69CE529FDDF500072EE25 /* ArticleListViewController.swift */,
				22B69CE829FDDF500072EE25 /* ArticleListViewModel.swift */,
				22B69CE629FDDF500072EE25 /* ArticleTableViewCell.swift */,
				22B69CE729FDDF500072EE25 /* ArticleTableViewCell.xib */,
			);
			path = ArticleList;
			sourceTree = "<group>";
		};
		22B69CE929FDDF500072EE25 /* Models */ = {
			isa = PBXGroup;
			children = (
				22B69CFA29FDE2DC0072EE25 /* ArticleViewData.swift */,
			);
			path = Models;
			sourceTree = "<group>";
		};
		22B69CEA29FDDF500072EE25 /* Protocols */ = {
			isa = PBXGroup;
			children = (
				22B69CEB29FDDF500072EE25 /* ViewModelProtocol.swift */,
			);
			path = Protocols;
			sourceTree = "<group>";
		};
		22B69CEC29FDDF500072EE25 /* ArticleDetails */ = {
			isa = PBXGroup;
			children = (
				22B69CED29FDDF500072EE25 /* ArticleDetailViewModel.swift */,
				22B69CEE29FDDF500072EE25 /* ArticleDetailViewController.swift */,
				22B69CEF29FDDF500072EE25 /* ArticleDetailCoordinator.swift */,
			);
			path = ArticleDetails;
			sourceTree = "<group>";
		};
		254CD891D91A8F51515C9EC7 /* Frameworks */ = {
			isa = PBXGroup;
			children = (
				F7C9CF03292F283F7AD96C52 /* Pods_ArticlesTest.framework */,
				4139D88E673854A4E8890617 /* Pods_ArticlesTest_ArticlesTestUITests.framework */,
				1B55F4F7E4D6FA6AF3E7B99B /* Pods_ArticlesTestTests.framework */,
			);
			name = Frameworks;
			sourceTree = "<group>";
		};
/* End PBXGroup section */

/* Begin PBXNativeTarget section */
		228B9C3E29FD3A8B007BBE36 /* ArticlesTest */ = {
			isa = PBXNativeTarget;
			buildConfigurationList = 228B9C6929FD3A8F007BBE36 /* Build configuration list for PBXNativeTarget "ArticlesTest" */;
			buildPhases = (
				F296BC452D820D24B67327A8 /* [CP] Check Pods Manifest.lock */,
				228B9C3B29FD3A8B007BBE36 /* Sources */,
				228B9C3C29FD3A8B007BBE36 /* Frameworks */,
				228B9C3D29FD3A8B007BBE36 /* Resources */,
				9C4009AAB5E660CABDD8FCC5 /* [CP] Embed Pods Frameworks */,
				22B69D0029FE5A130072EE25 /* ShellScript */,
			);
			buildRules = (
			);
			dependencies = (
			);
			name = ArticlesTest;
			productName = ArticlesTest;
			productReference = 228B9C3F29FD3A8B007BBE36 /* ArticlesTest.app */;
			productType = "com.apple.product-type.application";
		};
		228B9C5429FD3A8F007BBE36 /* ArticlesTestTests */ = {
			isa = PBXNativeTarget;
			buildConfigurationList = 228B9C6C29FD3A8F007BBE36 /* Build configuration list for PBXNativeTarget "ArticlesTestTests" */;
			buildPhases = (
				62A462FEC2A7609564DB98C4 /* [CP] Check Pods Manifest.lock */,
				228B9C5129FD3A8F007BBE36 /* Sources */,
				228B9C5229FD3A8F007BBE36 /* Frameworks */,
				228B9C5329FD3A8F007BBE36 /* Resources */,
			);
			buildRules = (
			);
			dependencies = (
				228B9C5729FD3A8F007BBE36 /* PBXTargetDependency */,
			);
			name = ArticlesTestTests;
			productName = ArticlesTestTests;
			productReference = 228B9C5529FD3A8F007BBE36 /* ArticlesTestTests.xctest */;
			productType = "com.apple.product-type.bundle.unit-test";
		};
		228B9C5E29FD3A8F007BBE36 /* ArticlesTestUITests */ = {
			isa = PBXNativeTarget;
			buildConfigurationList = 228B9C6F29FD3A8F007BBE36 /* Build configuration list for PBXNativeTarget "ArticlesTestUITests" */;
			buildPhases = (
				B0D4856D1F8CDC853D06887F /* [CP] Check Pods Manifest.lock */,
				228B9C5B29FD3A8F007BBE36 /* Sources */,
				228B9C5C29FD3A8F007BBE36 /* Frameworks */,
				228B9C5D29FD3A8F007BBE36 /* Resources */,
				981239A856F2083E02B5D15C /* [CP] Embed Pods Frameworks */,
			);
			buildRules = (
			);
			dependencies = (
				228B9C6129FD3A8F007BBE36 /* PBXTargetDependency */,
			);
			name = ArticlesTestUITests;
			productName = ArticlesTestUITests;
			productReference = 228B9C5F29FD3A8F007BBE36 /* ArticlesTestUITests.xctest */;
			productType = "com.apple.product-type.bundle.ui-testing";
		};
/* End PBXNativeTarget section */

/* Begin PBXProject section */
		228B9C3729FD3A8B007BBE36 /* Project object */ = {
			isa = PBXProject;
			attributes = {
				BuildIndependentTargetsInParallel = 1;
				LastSwiftUpdateCheck = 1420;
				LastUpgradeCheck = 1420;
				TargetAttributes = {
					228B9C3E29FD3A8B007BBE36 = {
						CreatedOnToolsVersion = 14.2;
					};
					228B9C5429FD3A8F007BBE36 = {
						CreatedOnToolsVersion = 14.2;
						TestTargetID = 228B9C3E29FD3A8B007BBE36;
					};
					228B9C5E29FD3A8F007BBE36 = {
						CreatedOnToolsVersion = 14.2;
						TestTargetID = 228B9C3E29FD3A8B007BBE36;
					};
				};
			};
			buildConfigurationList = 228B9C3A29FD3A8B007BBE36 /* Build configuration list for PBXProject "ArticlesTest" */;
			compatibilityVersion = "Xcode 14.0";
			developmentRegion = en;
			hasScannedForEncodings = 0;
			knownRegions = (
				en,
				Base,
				hi,
			);
			mainGroup = 228B9C3629FD3A8B007BBE36;
			productRefGroup = 228B9C4029FD3A8B007BBE36 /* Products */;
			projectDirPath = "";
			projectRoot = "";
			targets = (
				228B9C3E29FD3A8B007BBE36 /* ArticlesTest */,
				228B9C5429FD3A8F007BBE36 /* ArticlesTestTests */,
				228B9C5E29FD3A8F007BBE36 /* ArticlesTestUITests */,
			);
		};
/* End PBXProject section */

/* Begin PBXResourcesBuildPhase section */
		228B9C3D29FD3A8B007BBE36 /* Resources */ = {
			isa = PBXResourcesBuildPhase;
			buildActionMask = 2147483647;
			files = (
				228B9C7C29FD54FC007BBE36 /* Localizable.strings in Resources */,
				228B9C4F29FD3A8F007BBE36 /* LaunchScreen.storyboard in Resources */,
				228B9C7329FD4C2A007BBE36 /* AppColors.xcassets in Resources */,
				228B9C4C29FD3A8F007BBE36 /* Assets.xcassets in Resources */,
				22B69CF429FDDF500072EE25 /* ArticleTableViewCell.xib in Resources */,
				228B9C4A29FD3A8B007BBE36 /* Main.storyboard in Resources */,
			);
			runOnlyForDeploymentPostprocessing = 0;
		};
		228B9C5329FD3A8F007BBE36 /* Resources */ = {
			isa = PBXResourcesBuildPhase;
			buildActionMask = 2147483647;
			files = (
			);
			runOnlyForDeploymentPostprocessing = 0;
		};
		228B9C5D29FD3A8F007BBE36 /* Resources */ = {
			isa = PBXResourcesBuildPhase;
			buildActionMask = 2147483647;
			files = (
			);
			runOnlyForDeploymentPostprocessing = 0;
		};
/* End PBXResourcesBuildPhase section */

/* Begin PBXShellScriptBuildPhase section */
		22B69D0029FE5A130072EE25 /* ShellScript */ = {
			isa = PBXShellScriptBuildPhase;
			buildActionMask = 2147483647;
			files = (
			);
			inputFileListPaths = (
			);
			inputPaths = (
			);
			outputFileListPaths = (
			);
			outputPaths = (
			);
			runOnlyForDeploymentPostprocessing = 0;
			shellPath = /bin/sh;
			shellScript = "# Type a script or drag a script file from your workspace to insert its path.\nif which Pods/SwiftLint/swiftlint > /dev/null; then\n  Pods/SwiftLint/swiftlint\nelse\n  echo \"warning: SwiftLint not installed, download from https://github.com/realm/SwiftLint\"\nfi\n";
		};
		62A462FEC2A7609564DB98C4 /* [CP] Check Pods Manifest.lock */ = {
			isa = PBXShellScriptBuildPhase;
			buildActionMask = 2147483647;
			files = (
			);
			inputFileListPaths = (
			);
			inputPaths = (
				"${PODS_PODFILE_DIR_PATH}/Podfile.lock",
				"${PODS_ROOT}/Manifest.lock",
			);
			name = "[CP] Check Pods Manifest.lock";
			outputFileListPaths = (
			);
			outputPaths = (
				"$(DERIVED_FILE_DIR)/Pods-ArticlesTestTests-checkManifestLockResult.txt",
			);
			runOnlyForDeploymentPostprocessing = 0;
			shellPath = /bin/sh;
			shellScript = "diff \"${PODS_PODFILE_DIR_PATH}/Podfile.lock\" \"${PODS_ROOT}/Manifest.lock\" > /dev/null\nif [ $? != 0 ] ; then\n    # print error to STDERR\n    echo \"error: The sandbox is not in sync with the Podfile.lock. Run 'pod install' or update your CocoaPods installation.\" >&2\n    exit 1\nfi\n# This output is used by Xcode 'outputs' to avoid re-running this script phase.\necho \"SUCCESS\" > \"${SCRIPT_OUTPUT_FILE_0}\"\n";
			showEnvVarsInLog = 0;
		};
		981239A856F2083E02B5D15C /* [CP] Embed Pods Frameworks */ = {
			isa = PBXShellScriptBuildPhase;
			buildActionMask = 2147483647;
			files = (
			);
			inputFileListPaths = (
				"${PODS_ROOT}/Target Support Files/Pods-ArticlesTest-ArticlesTestUITests/Pods-ArticlesTest-ArticlesTestUITests-frameworks-${CONFIGURATION}-input-files.xcfilelist",
			);
			name = "[CP] Embed Pods Frameworks";
			outputFileListPaths = (
				"${PODS_ROOT}/Target Support Files/Pods-ArticlesTest-ArticlesTestUITests/Pods-ArticlesTest-ArticlesTestUITests-frameworks-${CONFIGURATION}-output-files.xcfilelist",
			);
			runOnlyForDeploymentPostprocessing = 0;
			shellPath = /bin/sh;
			shellScript = "\"${PODS_ROOT}/Target Support Files/Pods-ArticlesTest-ArticlesTestUITests/Pods-ArticlesTest-ArticlesTestUITests-frameworks.sh\"\n";
			showEnvVarsInLog = 0;
		};
		9C4009AAB5E660CABDD8FCC5 /* [CP] Embed Pods Frameworks */ = {
			isa = PBXShellScriptBuildPhase;
			buildActionMask = 2147483647;
			files = (
			);
			inputFileListPaths = (
				"${PODS_ROOT}/Target Support Files/Pods-ArticlesTest/Pods-ArticlesTest-frameworks-${CONFIGURATION}-input-files.xcfilelist",
			);
			name = "[CP] Embed Pods Frameworks";
			outputFileListPaths = (
				"${PODS_ROOT}/Target Support Files/Pods-ArticlesTest/Pods-ArticlesTest-frameworks-${CONFIGURATION}-output-files.xcfilelist",
			);
			runOnlyForDeploymentPostprocessing = 0;
			shellPath = /bin/sh;
			shellScript = "\"${PODS_ROOT}/Target Support Files/Pods-ArticlesTest/Pods-ArticlesTest-frameworks.sh\"\n";
			showEnvVarsInLog = 0;
		};
		B0D4856D1F8CDC853D06887F /* [CP] Check Pods Manifest.lock */ = {
			isa = PBXShellScriptBuildPhase;
			buildActionMask = 2147483647;
			files = (
			);
			inputFileListPaths = (
			);
			inputPaths = (
				"${PODS_PODFILE_DIR_PATH}/Podfile.lock",
				"${PODS_ROOT}/Manifest.lock",
			);
			name = "[CP] Check Pods Manifest.lock";
			outputFileListPaths = (
			);
			outputPaths = (
				"$(DERIVED_FILE_DIR)/Pods-ArticlesTest-ArticlesTestUITests-checkManifestLockResult.txt",
			);
			runOnlyForDeploymentPostprocessing = 0;
			shellPath = /bin/sh;
			shellScript = "diff \"${PODS_PODFILE_DIR_PATH}/Podfile.lock\" \"${PODS_ROOT}/Manifest.lock\" > /dev/null\nif [ $? != 0 ] ; then\n    # print error to STDERR\n    echo \"error: The sandbox is not in sync with the Podfile.lock. Run 'pod install' or update your CocoaPods installation.\" >&2\n    exit 1\nfi\n# This output is used by Xcode 'outputs' to avoid re-running this script phase.\necho \"SUCCESS\" > \"${SCRIPT_OUTPUT_FILE_0}\"\n";
			showEnvVarsInLog = 0;
		};
		F296BC452D820D24B67327A8 /* [CP] Check Pods Manifest.lock */ = {
			isa = PBXShellScriptBuildPhase;
			buildActionMask = 2147483647;
			files = (
			);
			inputFileListPaths = (
			);
			inputPaths = (
				"${PODS_PODFILE_DIR_PATH}/Podfile.lock",
				"${PODS_ROOT}/Manifest.lock",
			);
			name = "[CP] Check Pods Manifest.lock";
			outputFileListPaths = (
			);
			outputPaths = (
				"$(DERIVED_FILE_DIR)/Pods-ArticlesTest-checkManifestLockResult.txt",
			);
			runOnlyForDeploymentPostprocessing = 0;
			shellPath = /bin/sh;
			shellScript = "diff \"${PODS_PODFILE_DIR_PATH}/Podfile.lock\" \"${PODS_ROOT}/Manifest.lock\" > /dev/null\nif [ $? != 0 ] ; then\n    # print error to STDERR\n    echo \"error: The sandbox is not in sync with the Podfile.lock. Run 'pod install' or update your CocoaPods installation.\" >&2\n    exit 1\nfi\n# This output is used by Xcode 'outputs' to avoid re-running this script phase.\necho \"SUCCESS\" > \"${SCRIPT_OUTPUT_FILE_0}\"\n";
			showEnvVarsInLog = 0;
		};
/* End PBXShellScriptBuildPhase section */

/* Begin PBXSourcesBuildPhase section */
		228B9C3B29FD3A8B007BBE36 /* Sources */ = {
			isa = PBXSourcesBuildPhase;
			buildActionMask = 2147483647;
			files = (
				22B69CF029FDDF500072EE25 /* AppCoordinator.swift in Sources */,
				22B69CF529FDDF500072EE25 /* ArticleListViewModel.swift in Sources */,
				228B9C4329FD3A8B007BBE36 /* AppDelegate.swift in Sources */,
				22B69D0229FF8E990072EE25 /* Constant.swift in Sources */,
				22B69D0429FFA7270072EE25 /* AppError.swift in Sources */,
				228B9C8829FD5A10007BBE36 /* Localization.swift in Sources */,
				22B69CF929FDDF500072EE25 /* ArticleDetailCoordinator.swift in Sources */,
				22B69CFD29FDE3260072EE25 /* ArticleResponseModel.swift in Sources */,
				22B69CF229FDDF500072EE25 /* ArticleListViewController.swift in Sources */,
				22B69CF129FDDF500072EE25 /* ArticleListCoordinator.swift in Sources */,
				22B69CFF29FE34730072EE25 /* APIClient.swift in Sources */,
				22B69CF329FDDF500072EE25 /* ArticleTableViewCell.swift in Sources */,
				228B9C4529FD3A8B007BBE36 /* SceneDelegate.swift in Sources */,
				22B69CF729FDDF500072EE25 /* ArticleDetailViewModel.swift in Sources */,
				22B69CFB29FDE2DC0072EE25 /* ArticleViewData.swift in Sources */,
				22B69CF629FDDF500072EE25 /* ViewModelProtocol.swift in Sources */,
				22B69CF829FDDF500072EE25 /* ArticleDetailViewController.swift in Sources */,
			);
			runOnlyForDeploymentPostprocessing = 0;
		};
		228B9C5129FD3A8F007BBE36 /* Sources */ = {
			isa = PBXSourcesBuildPhase;
			buildActionMask = 2147483647;
			files = (
				228B9C5A29FD3A8F007BBE36 /* ArticlesTestTests.swift in Sources */,
			);
			runOnlyForDeploymentPostprocessing = 0;
		};
		228B9C5B29FD3A8F007BBE36 /* Sources */ = {
			isa = PBXSourcesBuildPhase;
			buildActionMask = 2147483647;
			files = (
				228B9C6429FD3A8F007BBE36 /* ArticlesTestUITests.swift in Sources */,
				228B9C6629FD3A8F007BBE36 /* ArticlesTestUITestsLaunchTests.swift in Sources */,
			);
			runOnlyForDeploymentPostprocessing = 0;
		};
/* End PBXSourcesBuildPhase section */

/* Begin PBXTargetDependency section */
		228B9C5729FD3A8F007BBE36 /* PBXTargetDependency */ = {
			isa = PBXTargetDependency;
			target = 228B9C3E29FD3A8B007BBE36 /* ArticlesTest */;
			targetProxy = 228B9C5629FD3A8F007BBE36 /* PBXContainerItemProxy */;
		};
		228B9C6129FD3A8F007BBE36 /* PBXTargetDependency */ = {
			isa = PBXTargetDependency;
			target = 228B9C3E29FD3A8B007BBE36 /* ArticlesTest */;
			targetProxy = 228B9C6029FD3A8F007BBE36 /* PBXContainerItemProxy */;
		};
/* End PBXTargetDependency section */

/* Begin PBXVariantGroup section */
		228B9C4829FD3A8B007BBE36 /* Main.storyboard */ = {
			isa = PBXVariantGroup;
			children = (
				228B9C4929FD3A8B007BBE36 /* Base */,
			);
			name = Main.storyboard;
			sourceTree = "<group>";
		};
		228B9C4D29FD3A8F007BBE36 /* LaunchScreen.storyboard */ = {
			isa = PBXVariantGroup;
			children = (
				228B9C4E29FD3A8F007BBE36 /* Base */,
			);
			name = LaunchScreen.storyboard;
			sourceTree = "<group>";
		};
		228B9C7E29FD54FC007BBE36 /* Localizable.strings */ = {
			isa = PBXVariantGroup;
			children = (
				228B9C7D29FD54FC007BBE36 /* en */,
				228B9C7F29FD5525007BBE36 /* hi */,
			);
			name = Localizable.strings;
			sourceTree = "<group>";
		};
/* End PBXVariantGroup section */

/* Begin XCBuildConfiguration section */
		228B9C6729FD3A8F007BBE36 /* Debug */ = {
			isa = XCBuildConfiguration;
			buildSettings = {
				ALWAYS_SEARCH_USER_PATHS = NO;
				CLANG_ANALYZER_LOCALIZABILITY_NONLOCALIZED = YES;
				CLANG_ANALYZER_NONNULL = YES;
				CLANG_ANALYZER_NUMBER_OBJECT_CONVERSION = YES_AGGRESSIVE;
				CLANG_CXX_LANGUAGE_STANDARD = "gnu++20";
				CLANG_ENABLE_MODULES = YES;
				CLANG_ENABLE_OBJC_ARC = YES;
				CLANG_ENABLE_OBJC_WEAK = YES;
				CLANG_WARN_BLOCK_CAPTURE_AUTORELEASING = YES;
				CLANG_WARN_BOOL_CONVERSION = YES;
				CLANG_WARN_COMMA = YES;
				CLANG_WARN_CONSTANT_CONVERSION = YES;
				CLANG_WARN_DEPRECATED_OBJC_IMPLEMENTATIONS = YES;
				CLANG_WARN_DIRECT_OBJC_ISA_USAGE = YES_ERROR;
				CLANG_WARN_DOCUMENTATION_COMMENTS = YES;
				CLANG_WARN_EMPTY_BODY = YES;
				CLANG_WARN_ENUM_CONVERSION = YES;
				CLANG_WARN_INFINITE_RECURSION = YES;
				CLANG_WARN_INT_CONVERSION = YES;
				CLANG_WARN_NON_LITERAL_NULL_CONVERSION = YES;
				CLANG_WARN_OBJC_IMPLICIT_RETAIN_SELF = YES;
				CLANG_WARN_OBJC_LITERAL_CONVERSION = YES;
				CLANG_WARN_OBJC_ROOT_CLASS = YES_ERROR;
				CLANG_WARN_QUOTED_INCLUDE_IN_FRAMEWORK_HEADER = YES;
				CLANG_WARN_RANGE_LOOP_ANALYSIS = YES;
				CLANG_WARN_STRICT_PROTOTYPES = YES;
				CLANG_WARN_SUSPICIOUS_MOVE = YES;
				CLANG_WARN_UNGUARDED_AVAILABILITY = YES_AGGRESSIVE;
				CLANG_WARN_UNREACHABLE_CODE = YES;
				CLANG_WARN__DUPLICATE_METHOD_MATCH = YES;
				COPY_PHASE_STRIP = NO;
				DEBUG_INFORMATION_FORMAT = dwarf;
				ENABLE_STRICT_OBJC_MSGSEND = YES;
				ENABLE_TESTABILITY = YES;
				GCC_C_LANGUAGE_STANDARD = gnu11;
				GCC_DYNAMIC_NO_PIC = NO;
				GCC_NO_COMMON_BLOCKS = YES;
				GCC_OPTIMIZATION_LEVEL = 0;
				GCC_PREPROCESSOR_DEFINITIONS = (
					"DEBUG=1",
					"$(inherited)",
				);
				GCC_WARN_64_TO_32_BIT_CONVERSION = YES;
				GCC_WARN_ABOUT_RETURN_TYPE = YES_ERROR;
				GCC_WARN_UNDECLARED_SELECTOR = YES;
				GCC_WARN_UNINITIALIZED_AUTOS = YES_AGGRESSIVE;
				GCC_WARN_UNUSED_FUNCTION = YES;
				GCC_WARN_UNUSED_VARIABLE = YES;
				IPHONEOS_DEPLOYMENT_TARGET = 14.0;
				MTL_ENABLE_DEBUG_INFO = INCLUDE_SOURCE;
				MTL_FAST_MATH = YES;
				ONLY_ACTIVE_ARCH = YES;
				SDKROOT = iphoneos;
				SWIFT_ACTIVE_COMPILATION_CONDITIONS = DEBUG;
				SWIFT_OPTIMIZATION_LEVEL = "-Onone";
			};
			name = Debug;
		};
		228B9C6829FD3A8F007BBE36 /* Release */ = {
			isa = XCBuildConfiguration;
			buildSettings = {
				ALWAYS_SEARCH_USER_PATHS = NO;
				CLANG_ANALYZER_LOCALIZABILITY_NONLOCALIZED = YES;
				CLANG_ANALYZER_NONNULL = YES;
				CLANG_ANALYZER_NUMBER_OBJECT_CONVERSION = YES_AGGRESSIVE;
				CLANG_CXX_LANGUAGE_STANDARD = "gnu++20";
				CLANG_ENABLE_MODULES = YES;
				CLANG_ENABLE_OBJC_ARC = YES;
				CLANG_ENABLE_OBJC_WEAK = YES;
				CLANG_WARN_BLOCK_CAPTURE_AUTORELEASING = YES;
				CLANG_WARN_BOOL_CONVERSION = YES;
				CLANG_WARN_COMMA = YES;
				CLANG_WARN_CONSTANT_CONVERSION = YES;
				CLANG_WARN_DEPRECATED_OBJC_IMPLEMENTATIONS = YES;
				CLANG_WARN_DIRECT_OBJC_ISA_USAGE = YES_ERROR;
				CLANG_WARN_DOCUMENTATION_COMMENTS = YES;
				CLANG_WARN_EMPTY_BODY = YES;
				CLANG_WARN_ENUM_CONVERSION = YES;
				CLANG_WARN_INFINITE_RECURSION = YES;
				CLANG_WARN_INT_CONVERSION = YES;
				CLANG_WARN_NON_LITERAL_NULL_CONVERSION = YES;
				CLANG_WARN_OBJC_IMPLICIT_RETAIN_SELF = YES;
				CLANG_WARN_OBJC_LITERAL_CONVERSION = YES;
				CLANG_WARN_OBJC_ROOT_CLASS = YES_ERROR;
				CLANG_WARN_QUOTED_INCLUDE_IN_FRAMEWORK_HEADER = YES;
				CLANG_WARN_RANGE_LOOP_ANALYSIS = YES;
				CLANG_WARN_STRICT_PROTOTYPES = YES;
				CLANG_WARN_SUSPICIOUS_MOVE = YES;
				CLANG_WARN_UNGUARDED_AVAILABILITY = YES_AGGRESSIVE;
				CLANG_WARN_UNREACHABLE_CODE = YES;
				CLANG_WARN__DUPLICATE_METHOD_MATCH = YES;
				COPY_PHASE_STRIP = NO;
				DEBUG_INFORMATION_FORMAT = "dwarf-with-dsym";
				ENABLE_NS_ASSERTIONS = NO;
				ENABLE_STRICT_OBJC_MSGSEND = YES;
				GCC_C_LANGUAGE_STANDARD = gnu11;
				GCC_NO_COMMON_BLOCKS = YES;
				GCC_WARN_64_TO_32_BIT_CONVERSION = YES;
				GCC_WARN_ABOUT_RETURN_TYPE = YES_ERROR;
				GCC_WARN_UNDECLARED_SELECTOR = YES;
				GCC_WARN_UNINITIALIZED_AUTOS = YES_AGGRESSIVE;
				GCC_WARN_UNUSED_FUNCTION = YES;
				GCC_WARN_UNUSED_VARIABLE = YES;
				IPHONEOS_DEPLOYMENT_TARGET = 14.0;
				MTL_ENABLE_DEBUG_INFO = NO;
				MTL_FAST_MATH = YES;
				SDKROOT = iphoneos;
				SWIFT_COMPILATION_MODE = wholemodule;
				SWIFT_OPTIMIZATION_LEVEL = "-O";
				VALIDATE_PRODUCT = YES;
			};
			name = Release;
		};
		228B9C6A29FD3A8F007BBE36 /* Debug */ = {
			isa = XCBuildConfiguration;
			baseConfigurationReference = B14A9D2920424131B315D9D5 /* Pods-ArticlesTest.debug.xcconfig */;
			buildSettings = {
				ASSETCATALOG_COMPILER_APPICON_NAME = AppIcon;
				ASSETCATALOG_COMPILER_GLOBAL_ACCENT_COLOR_NAME = AccentColor;
				CODE_SIGN_STYLE = Automatic;
				CURRENT_PROJECT_VERSION = 1;
				DEVELOPMENT_TEAM = 7AVLSC5NRG;
				GENERATE_INFOPLIST_FILE = YES;
				INFOPLIST_FILE = ArticlesTest/Info.plist;
				INFOPLIST_KEY_UIApplicationSupportsIndirectInputEvents = YES;
				INFOPLIST_KEY_UILaunchStoryboardName = LaunchScreen;
				INFOPLIST_KEY_UIMainStoryboardFile = Main;
				INFOPLIST_KEY_UISupportedInterfaceOrientations = UIInterfaceOrientationPortrait;
				INFOPLIST_KEY_UISupportedInterfaceOrientations_iPad = "UIInterfaceOrientationLandscapeLeft UIInterfaceOrientationLandscapeRight UIInterfaceOrientationPortrait UIInterfaceOrientationPortraitUpsideDown";
				IPHONEOS_DEPLOYMENT_TARGET = 14.0;
				LD_RUNPATH_SEARCH_PATHS = (
					"$(inherited)",
					"@executable_path/Frameworks",
				);
				MARKETING_VERSION = 1.0;
				PRODUCT_BUNDLE_IDENTIFIER = com.test.ArticlesTest;
				PRODUCT_NAME = "$(TARGET_NAME)";
				SUPPORTED_PLATFORMS = "iphoneos iphonesimulator";
				SUPPORTS_MACCATALYST = NO;
				SUPPORTS_MAC_DESIGNED_FOR_IPHONE_IPAD = YES;
				SWIFT_EMIT_LOC_STRINGS = YES;
				SWIFT_VERSION = 5.0;
				TARGETED_DEVICE_FAMILY = 1;
			};
			name = Debug;
		};
		228B9C6B29FD3A8F007BBE36 /* Release */ = {
			isa = XCBuildConfiguration;
			baseConfigurationReference = FC0D267C55D600DB27053031 /* Pods-ArticlesTest.release.xcconfig */;
			buildSettings = {
				ASSETCATALOG_COMPILER_APPICON_NAME = AppIcon;
				ASSETCATALOG_COMPILER_GLOBAL_ACCENT_COLOR_NAME = AccentColor;
				CODE_SIGN_STYLE = Automatic;
				CURRENT_PROJECT_VERSION = 1;
				DEVELOPMENT_TEAM = 7AVLSC5NRG;
				GENERATE_INFOPLIST_FILE = YES;
				INFOPLIST_FILE = ArticlesTest/Info.plist;
				INFOPLIST_KEY_UIApplicationSupportsIndirectInputEvents = YES;
				INFOPLIST_KEY_UILaunchStoryboardName = LaunchScreen;
				INFOPLIST_KEY_UIMainStoryboardFile = Main;
				INFOPLIST_KEY_UISupportedInterfaceOrientations = UIInterfaceOrientationPortrait;
				INFOPLIST_KEY_UISupportedInterfaceOrientations_iPad = "UIInterfaceOrientationLandscapeLeft UIInterfaceOrientationLandscapeRight UIInterfaceOrientationPortrait UIInterfaceOrientationPortraitUpsideDown";
				IPHONEOS_DEPLOYMENT_TARGET = 14.0;
				LD_RUNPATH_SEARCH_PATHS = (
					"$(inherited)",
					"@executable_path/Frameworks",
				);
				MARKETING_VERSION = 1.0;
				PRODUCT_BUNDLE_IDENTIFIER = com.test.ArticlesTest;
				PRODUCT_NAME = "$(TARGET_NAME)";
				SUPPORTED_PLATFORMS = "iphoneos iphonesimulator";
				SUPPORTS_MACCATALYST = NO;
				SUPPORTS_MAC_DESIGNED_FOR_IPHONE_IPAD = YES;
				SWIFT_EMIT_LOC_STRINGS = YES;
				SWIFT_VERSION = 5.0;
				TARGETED_DEVICE_FAMILY = 1;
			};
			name = Release;
		};
		228B9C6D29FD3A8F007BBE36 /* Debug */ = {
			isa = XCBuildConfiguration;
			baseConfigurationReference = 2DC27AEB0DAF9FC372204E20 /* Pods-ArticlesTestTests.debug.xcconfig */;
			buildSettings = {
				ALWAYS_EMBED_SWIFT_STANDARD_LIBRARIES = YES;
				BUNDLE_LOADER = "$(TEST_HOST)";
				CODE_SIGN_STYLE = Automatic;
				CURRENT_PROJECT_VERSION = 1;
				DEVELOPMENT_TEAM = 7AVLSC5NRG;
				GENERATE_INFOPLIST_FILE = YES;
				IPHONEOS_DEPLOYMENT_TARGET = 16.2;
				MARKETING_VERSION = 1.0;
				PRODUCT_BUNDLE_IDENTIFIER = com.test.ArticlesTestTests;
				PRODUCT_NAME = "$(TARGET_NAME)";
				SWIFT_EMIT_LOC_STRINGS = NO;
				SWIFT_VERSION = 5.0;
				TARGETED_DEVICE_FAMILY = "1,2";
				TEST_HOST = "$(BUILT_PRODUCTS_DIR)/ArticlesTest.app/$(BUNDLE_EXECUTABLE_FOLDER_PATH)/ArticlesTest";
			};
			name = Debug;
		};
		228B9C6E29FD3A8F007BBE36 /* Release */ = {
			isa = XCBuildConfiguration;
			baseConfigurationReference = 2AB4BD39846A386DC4058373 /* Pods-ArticlesTestTests.release.xcconfig */;
			buildSettings = {
				ALWAYS_EMBED_SWIFT_STANDARD_LIBRARIES = YES;
				BUNDLE_LOADER = "$(TEST_HOST)";
				CODE_SIGN_STYLE = Automatic;
				CURRENT_PROJECT_VERSION = 1;
				DEVELOPMENT_TEAM = 7AVLSC5NRG;
				GENERATE_INFOPLIST_FILE = YES;
				IPHONEOS_DEPLOYMENT_TARGET = 16.2;
				MARKETING_VERSION = 1.0;
				PRODUCT_BUNDLE_IDENTIFIER = com.test.ArticlesTestTests;
				PRODUCT_NAME = "$(TARGET_NAME)";
				SWIFT_EMIT_LOC_STRINGS = NO;
				SWIFT_VERSION = 5.0;
				TARGETED_DEVICE_FAMILY = "1,2";
				TEST_HOST = "$(BUILT_PRODUCTS_DIR)/ArticlesTest.app/$(BUNDLE_EXECUTABLE_FOLDER_PATH)/ArticlesTest";
			};
			name = Release;
		};
		228B9C7029FD3A8F007BBE36 /* Debug */ = {
			isa = XCBuildConfiguration;
			baseConfigurationReference = 89CD1010FFBD5E4A53F8876A /* Pods-ArticlesTest-ArticlesTestUITests.debug.xcconfig */;
			buildSettings = {
				ALWAYS_EMBED_SWIFT_STANDARD_LIBRARIES = YES;
				CODE_SIGN_STYLE = Automatic;
				CURRENT_PROJECT_VERSION = 1;
				DEVELOPMENT_TEAM = 7AVLSC5NRG;
				GENERATE_INFOPLIST_FILE = YES;
				MARKETING_VERSION = 1.0;
				PRODUCT_BUNDLE_IDENTIFIER = com.test.ArticlesTestUITests;
				PRODUCT_NAME = "$(TARGET_NAME)";
				SWIFT_EMIT_LOC_STRINGS = NO;
				SWIFT_VERSION = 5.0;
				TARGETED_DEVICE_FAMILY = "1,2";
				TEST_TARGET_NAME = ArticlesTest;
			};
			name = Debug;
		};
		228B9C7129FD3A8F007BBE36 /* Release */ = {
			isa = XCBuildConfiguration;
			baseConfigurationReference = 156C58D8EAE66CE85C7C88CB /* Pods-ArticlesTest-ArticlesTestUITests.release.xcconfig */;
			buildSettings = {
				ALWAYS_EMBED_SWIFT_STANDARD_LIBRARIES = YES;
				CODE_SIGN_STYLE = Automatic;
				CURRENT_PROJECT_VERSION = 1;
				DEVELOPMENT_TEAM = 7AVLSC5NRG;
				GENERATE_INFOPLIST_FILE = YES;
				MARKETING_VERSION = 1.0;
				PRODUCT_BUNDLE_IDENTIFIER = com.test.ArticlesTestUITests;
				PRODUCT_NAME = "$(TARGET_NAME)";
				SWIFT_EMIT_LOC_STRINGS = NO;
				SWIFT_VERSION = 5.0;
				TARGETED_DEVICE_FAMILY = "1,2";
				TEST_TARGET_NAME = ArticlesTest;
			};
			name = Release;
		};
/* End XCBuildConfiguration section */

/* Begin XCConfigurationList section */
		228B9C3A29FD3A8B007BBE36 /* Build configuration list for PBXProject "ArticlesTest" */ = {
			isa = XCConfigurationList;
			buildConfigurations = (
				228B9C6729FD3A8F007BBE36 /* Debug */,
				228B9C6829FD3A8F007BBE36 /* Release */,
			);
			defaultConfigurationIsVisible = 0;
			defaultConfigurationName = Release;
		};
		228B9C6929FD3A8F007BBE36 /* Build configuration list for PBXNativeTarget "ArticlesTest" */ = {
			isa = XCConfigurationList;
			buildConfigurations = (
				228B9C6A29FD3A8F007BBE36 /* Debug */,
				228B9C6B29FD3A8F007BBE36 /* Release */,
			);
			defaultConfigurationIsVisible = 0;
			defaultConfigurationName = Release;
		};
		228B9C6C29FD3A8F007BBE36 /* Build configuration list for PBXNativeTarget "ArticlesTestTests" */ = {
			isa = XCConfigurationList;
			buildConfigurations = (
				228B9C6D29FD3A8F007BBE36 /* Debug */,
				228B9C6E29FD3A8F007BBE36 /* Release */,
			);
			defaultConfigurationIsVisible = 0;
			defaultConfigurationName = Release;
		};
		228B9C6F29FD3A8F007BBE36 /* Build configuration list for PBXNativeTarget "ArticlesTestUITests" */ = {
			isa = XCConfigurationList;
			buildConfigurations = (
				228B9C7029FD3A8F007BBE36 /* Debug */,
				228B9C7129FD3A8F007BBE36 /* Release */,
			);
			defaultConfigurationIsVisible = 0;
			defaultConfigurationName = Release;
		};
/* End XCConfigurationList section */
	};
	rootObject = 228B9C3729FD3A8B007BBE36 /* Project object */;
}
